{
    "_readme": [
        "This file locks the dependencies of your project to a known state",
        "Read more about it at https://getcomposer.org/doc/01-basic-usage.md#installing-dependencies",
        "This file is @generated automatically"
    ],
    "content-hash": "adf25887fe19d995e2c8a1c4af776e55",
    "packages": [
        {
            "name": "redis/ranking",
            "version": "1.0.1",
            "source": {
                "type": "git",
                "url": "https://github.com/matsubo/redis-ranking.git",
                "reference": "a3c013ec3cf5d52de54021fafbec8772e2962a34"
            },
            "dist": {
                "type": "zip",
                "url": "https://api.github.com/repos/matsubo/redis-ranking/zipball/a3c013ec3cf5d52de54021fafbec8772e2962a34",
                "reference": "a3c013ec3cf5d52de54021fafbec8772e2962a34",
                "shasum": ""
            },
            "require-dev": {
                "devster/ubench": "1.1.*-dev",
                "phpunit/phpunit": "3.*"
            },
            "type": "library",
            "autoload": {
                "psr-0": {
                    "Matsubo": "src/"
                }
            },
            "notification-url": "https://packagist.org/downloads/",
            "license": [
                "PHP3"
            ],
            "authors": [
                {
                    "name": "Yuki Matsukura",
                    "email": "matsubokkuri@gmail.com"
                }
            ],
            "description": "Wrapping Redis's sorted set APIs for specializing ranking operations.",
            "homepage": "https://github.com/matsubo/redis-ranking",
            "keywords": [
                "ranking",
                "realtime",
                "redis",
                "sort"
            ],
            "time": "2013-04-28T04:56:15+00:00"
        }
    ],
    "packages-dev": [],
    "aliases": [],
    "minimum-stability": "stable",
    "stability-flags": [],
    "prefer-stable": false,
    "prefer-lowest": false,
    "platform": [],
    "platform-dev": []
}
