{
    "_readme": [
        "This file locks the dependencies of your project to a known state",
        "Read more about it at https://getcomposer.org/doc/01-basic-usage.md#installing-dependencies",
        "This file is @generated automatically"
    ],
    "content-hash": "9cbe2e377dc0d6f78b5763e7293aa4ab",
    "packages": [
        {
            "name": "redis/ranking",
            "version": "1.2.0",
            "source": {
                "type": "git",
                "url": "https://github.com/matsubo/redis-ranking.git",
                "reference": "d0db41578565840ba3ba46ae9c02d536f9be6cfb"
            },
            "dist": {
                "type": "zip",
                "url": "https://api.github.com/repos/matsubo/redis-ranking/zipball/d0db41578565840ba3ba46ae9c02d536f9be6cfb",
                "reference": "d0db41578565840ba3ba46ae9c02d536f9be6cfb",
                "shasum": ""
            },
            "require": {
                "php": ">=5.5.0"
            },
            "require-dev": {
                "devster/ubench": "dev-master",
                "friendsofphp/php-cs-fixer": "^2.16",
                "php-coveralls/php-coveralls": "^2.4",
                "phpunit/php-code-coverage": "^9.2",
                "phpunit/phpunit": "^9"
            },
            "type": "library",
            "autoload": {
                "psr-0": {
                    "Matsubo": "src/"
                }
            },
            "notification-url": "https://packagist.org/downloads/",
            "license": [
                "PHP3"
            ],
            "authors": [
                {
                    "name": "Yuki Matsukura",
                    "email": "matsubokkuri@gmail.com",
                    "homepage": "https://matsu.teraren.com/"
                }
            ],
            "description": "Wrapping Redis's sorted set APIs for specializing ranking operations.",
            "homepage": "https://github.com/matsubo/redis-ranking",
            "keywords": [
                "Social Game",
                "ranking",
                "realtime",
                "redis",
                "sorted set"
            ],
            "time": "2020-11-26T14:22:02+00:00"
        }
    ],
    "packages-dev": [],
    "aliases": [],
    "minimum-stability": "stable",
    "stability-flags": [],
    "prefer-stable": false,
    "prefer-lowest": false,
    "platform": [],
    "platform-dev": [],
    "plugin-api-version": "1.1.0"
}
